// !$*UTF8*$!
{
	archiveVersion = 1;
	classes = {
	};
	objectVersion = 55;
	objects = {

/* Begin PBXBuildFile section */
		FDB9BADE27150B1B00DCC040 /* AppDelegate.swift in Sources */ = {isa = PBXBuildFile; fileRef = FDB9BADD27150B1B00DCC040 /* AppDelegate.swift */; };
		FDB9BAE027150B1B00DCC040 /* SceneDelegate.swift in Sources */ = {isa = PBXBuildFile; fileRef = FDB9BADF27150B1B00DCC040 /* SceneDelegate.swift */; };
		FDB9BAE227150B1B00DCC040 /* ViewController.swift in Sources */ = {isa = PBXBuildFile; fileRef = FDB9BAE127150B1B00DCC040 /* ViewController.swift */; };
		FDB9BAE527150B1B00DCC040 /* Main.storyboard in Resources */ = {isa = PBXBuildFile; fileRef = FDB9BAE327150B1B00DCC040 /* Main.storyboard */; };
		FDB9BAE727150B2000DCC040 /* Assets.xcassets in Resources */ = {isa = PBXBuildFile; fileRef = FDB9BAE627150B2000DCC040 /* Assets.xcassets */; };
		FDB9BAEA27150B2000DCC040 /* LaunchScreen.storyboard in Resources */ = {isa = PBXBuildFile; fileRef = FDB9BAE827150B2000DCC040 /* LaunchScreen.storyboard */; };
		FDB9BAF22715198100DCC040 /* MemoTableViewController.swift in Sources */ = {isa = PBXBuildFile; fileRef = FDB9BAF12715198100DCC040 /* MemoTableViewController.swift */; };
		FDCC99502715FDDA002FB318 /* settingTableViewController.swift in Sources */ = {isa = PBXBuildFile; fileRef = FDCC994F2715FDDA002FB318 /* settingTableViewController.swift */; };
		FDCC99722718111F002FB318 /* BoxOfficeTableViewCell.swift in Sources */ = {isa = PBXBuildFile; fileRef = FDCC99712718111F002FB318 /* BoxOfficeTableViewCell.swift */; };
		FDCC99742718115C002FB318 /* BoxOfficeTableViewController.swift in Sources */ = {isa = PBXBuildFile; fileRef = FDCC99732718115C002FB318 /* BoxOfficeTableViewController.swift */; };
		FDCC997627182318002FB318 /* Sample.swift in Sources */ = {isa = PBXBuildFile; fileRef = FDCC997527182318002FB318 /* Sample.swift */; };
/* End PBXBuildFile section */

/* Begin PBXFileReference section */
		FDB9BADA27150B1B00DCC040 /* SeSAC_03Week.app */ = {isa = PBXFileReference; explicitFileType = wrapper.application; includeInIndex = 0; path = SeSAC_03Week.app; sourceTree = BUILT_PRODUCTS_DIR; };
		FDB9BADD27150B1B00DCC040 /* AppDelegate.swift */ = {isa = PBXFileReference; lastKnownFileType = sourcecode.swift; path = AppDelegate.swift; sourceTree = "<group>"; };
		FDB9BADF27150B1B00DCC040 /* SceneDelegate.swift */ = {isa = PBXFileReference; lastKnownFileType = sourcecode.swift; path = SceneDelegate.swift; sourceTree = "<group>"; };
		FDB9BAE127150B1B00DCC040 /* ViewController.swift */ = {isa = PBXFileReference; lastKnownFileType = sourcecode.swift; path = ViewController.swift; sourceTree = "<group>"; };
		FDB9BAE427150B1B00DCC040 /* Base */ = {isa = PBXFileReference; lastKnownFileType = file.storyboard; name = Base; path = Base.lproj/Main.storyboard; sourceTree = "<group>"; };
		FDB9BAE627150B2000DCC040 /* Assets.xcassets */ = {isa = PBXFileReference; lastKnownFileType = folder.assetcatalog; path = Assets.xcassets; sourceTree = "<group>"; };
		FDB9BAE927150B2000DCC040 /* Base */ = {isa = PBXFileReference; lastKnownFileType = file.storyboard; name = Base; path = Base.lproj/LaunchScreen.storyboard; sourceTree = "<group>"; };
		FDB9BAEB27150B2000DCC040 /* Info.plist */ = {isa = PBXFileReference; lastKnownFileType = text.plist.xml; path = Info.plist; sourceTree = "<group>"; };
		FDB9BAF12715198100DCC040 /* MemoTableViewController.swift */ = {isa = PBXFileReference; lastKnownFileType = sourcecode.swift; path = MemoTableViewController.swift; sourceTree = "<group>"; };
		FDCC994F2715FDDA002FB318 /* settingTableViewController.swift */ = {isa = PBXFileReference; lastKnownFileType = sourcecode.swift; path = settingTableViewController.swift; sourceTree = "<group>"; };
		FDCC99712718111F002FB318 /* BoxOfficeTableViewCell.swift */ = {isa = PBXFileReference; lastKnownFileType = sourcecode.swift; path = BoxOfficeTableViewCell.swift; sourceTree = "<group>"; };
		FDCC99732718115C002FB318 /* BoxOfficeTableViewController.swift */ = {isa = PBXFileReference; lastKnownFileType = sourcecode.swift; path = BoxOfficeTableViewController.swift; sourceTree = "<group>"; };
		FDCC997527182318002FB318 /* Sample.swift */ = {isa = PBXFileReference; fileEncoding = 4; lastKnownFileType = sourcecode.swift; path = Sample.swift; sourceTree = "<group>"; };
/* End PBXFileReference section */

/* Begin PBXFrameworksBuildPhase section */
		FDB9BAD727150B1A00DCC040 /* Frameworks */ = {
			isa = PBXFrameworksBuildPhase;
			buildActionMask = 2147483647;
			files = (
			);
			runOnlyForDeploymentPostprocessing = 0;
		};
/* End PBXFrameworksBuildPhase section */

/* Begin PBXGroup section */
		FDB9BAD127150B1A00DCC040 = {
			isa = PBXGroup;
			children = (
				FDB9BADC27150B1B00DCC040 /* SeSAC_03Week */,
				FDB9BADB27150B1B00DCC040 /* Products */,
			);
			sourceTree = "<group>";
		};
		FDB9BADB27150B1B00DCC040 /* Products */ = {
			isa = PBXGroup;
			children = (
				FDB9BADA27150B1B00DCC040 /* SeSAC_03Week.app */,
			);
			name = Products;
			sourceTree = "<group>";
		};
		FDB9BADC27150B1B00DCC040 /* SeSAC_03Week */ = {
			isa = PBXGroup;
			children = (
				FDCC997527182318002FB318 /* Sample.swift */,
				FDCC994F2715FDDA002FB318 /* settingTableViewController.swift */,
				FDB9BAF12715198100DCC040 /* MemoTableViewController.swift */,
				FDB9BADD27150B1B00DCC040 /* AppDelegate.swift */,
				FDB9BADF27150B1B00DCC040 /* SceneDelegate.swift */,
				FDB9BAE127150B1B00DCC040 /* ViewController.swift */,
				FDB9BAE327150B1B00DCC040 /* Main.storyboard */,
				FDCC99712718111F002FB318 /* BoxOfficeTableViewCell.swift */,
				FDCC99732718115C002FB318 /* BoxOfficeTableViewController.swift */,
				FDB9BAE627150B2000DCC040 /* Assets.xcassets */,
				FDB9BAE827150B2000DCC040 /* LaunchScreen.storyboard */,
				FDB9BAEB27150B2000DCC040 /* Info.plist */,
			);
			path = SeSAC_03Week;
			sourceTree = "<group>";
		};
/* End PBXGroup section */

/* Begin PBXNativeTarget section */
		FDB9BAD927150B1A00DCC040 /* SeSAC_03Week */ = {
			isa = PBXNativeTarget;
			buildConfigurationList = FDB9BAEE27150B2000DCC040 /* Build configuration list for PBXNativeTarget "SeSAC_03Week" */;
			buildPhases = (
				FDB9BAD627150B1A00DCC040 /* Sources */,
				FDB9BAD727150B1A00DCC040 /* Frameworks */,
				FDB9BAD827150B1A00DCC040 /* Resources */,
			);
			buildRules = (
			);
			dependencies = (
			);
			name = SeSAC_03Week;
			productName = SeSAC_03Week;
			productReference = FDB9BADA27150B1B00DCC040 /* SeSAC_03Week.app */;
			productType = "com.apple.product-type.application";
		};
/* End PBXNativeTarget section */

/* Begin PBXProject section */
		FDB9BAD227150B1A00DCC040 /* Project object */ = {
			isa = PBXProject;
			attributes = {
				BuildIndependentTargetsInParallel = 1;
				LastSwiftUpdateCheck = 1300;
				LastUpgradeCheck = 1300;
				TargetAttributes = {
					FDB9BAD927150B1A00DCC040 = {
						CreatedOnToolsVersion = 13.0;
					};
				};
			};
			buildConfigurationList = FDB9BAD527150B1A00DCC040 /* Build configuration list for PBXProject "SeSAC_03Week" */;
			compatibilityVersion = "Xcode 13.0";
			developmentRegion = en;
			hasScannedForEncodings = 0;
			knownRegions = (
				en,
				Base,
			);
			mainGroup = FDB9BAD127150B1A00DCC040;
			productRefGroup = FDB9BADB27150B1B00DCC040 /* Products */;
			projectDirPath = "";
			projectRoot = "";
			targets = (
				FDB9BAD927150B1A00DCC040 /* SeSAC_03Week */,
			);
		};
/* End PBXProject section */

/* Begin PBXResourcesBuildPhase section */
		FDB9BAD827150B1A00DCC040 /* Resources */ = {
			isa = PBXResourcesBuildPhase;
			buildActionMask = 2147483647;
			files = (
				FDB9BAEA27150B2000DCC040 /* LaunchScreen.storyboard in Resources */,
				FDB9BAE727150B2000DCC040 /* Assets.xcassets in Resources */,
				FDB9BAE527150B1B00DCC040 /* Main.storyboard in Resources */,
			);
			runOnlyForDeploymentPostprocessing = 0;
		};
/* End PBXResourcesBuildPhase section */

/* Begin PBXSourcesBuildPhase section */
		FDB9BAD627150B1A00DCC040 /* Sources */ = {
			isa = PBXSourcesBuildPhase;
			buildActionMask = 2147483647;
			files = (
				FDB9BAE227150B1B00DCC040 /* ViewController.swift in Sources */,
				FDCC997627182318002FB318 /* Sample.swift in Sources */,
				FDCC99502715FDDA002FB318 /* settingTableViewController.swift in Sources */,
				FDB9BAF22715198100DCC040 /* MemoTableViewController.swift in Sources */,
				FDCC99722718111F002FB318 /* BoxOfficeTableViewCell.swift in Sources */,
				FDB9BADE27150B1B00DCC040 /* AppDelegate.swift in Sources */,
				FDCC99742718115C002FB318 /* BoxOfficeTableViewController.swift in Sources */,
				FDB9BAE027150B1B00DCC040 /* SceneDelegate.swift in Sources */,
			);
			runOnlyForDeploymentPostprocessing = 0;
		};
/* End PBXSourcesBuildPhase section */

/* Begin PBXVariantGroup section */
		FDB9BAE327150B1B00DCC040 /* Main.storyboard */ = {
			isa = PBXVariantGroup;
			children = (
				FDB9BAE427150B1B00DCC040 /* Base */,
			);
			name = Main.storyboard;
			sourceTree = "<group>";
		};
		FDB9BAE827150B2000DCC040 /* LaunchScreen.storyboard */ = {
			isa = PBXVariantGroup;
			children = (
				FDB9BAE927150B2000DCC040 /* Base */,
			);
			name = LaunchScreen.storyboard;
			sourceTree = "<group>";
		};
/* End PBXVariantGroup section */

/* Begin XCBuildConfiguration section */
		FDB9BAEC27150B2000DCC040 /* Debug */ = {
			isa = XCBuildConfiguration;
			buildSettings = {
				ALWAYS_SEARCH_USER_PATHS = NO;
				CLANG_ANALYZER_NONNULL = YES;
				CLANG_ANALYZER_NUMBER_OBJECT_CONVERSION = YES_AGGRESSIVE;
				CLANG_CXX_LANGUAGE_STANDARD = "gnu++17";
				CLANG_CXX_LIBRARY = "libc++";
				CLANG_ENABLE_MODULES = YES;
				CLANG_ENABLE_OBJC_ARC = YES;
				CLANG_ENABLE_OBJC_WEAK = YES;
				CLANG_WARN_BLOCK_CAPTURE_AUTORELEASING = YES;
				CLANG_WARN_BOOL_CONVERSION = YES;
				CLANG_WARN_COMMA = YES;
				CLANG_WARN_CONSTANT_CONVERSION = YES;
				CLANG_WARN_DEPRECATED_OBJC_IMPLEMENTATIONS = YES;
				CLANG_WARN_DIRECT_OBJC_ISA_USAGE = YES_ERROR;
				CLANG_WARN_DOCUMENTATION_COMMENTS = YES;
				CLANG_WARN_EMPTY_BODY = YES;
				CLANG_WARN_ENUM_CONVERSION = YES;
				CLANG_WARN_INFINITE_RECURSION = YES;
				CLANG_WARN_INT_CONVERSION = YES;
				CLANG_WARN_NON_LITERAL_NULL_CONVERSION = YES;
				CLANG_WARN_OBJC_IMPLICIT_RETAIN_SELF = YES;
				CLANG_WARN_OBJC_LITERAL_CONVERSION = YES;
				CLANG_WARN_OBJC_ROOT_CLASS = YES_ERROR;
				CLANG_WARN_QUOTED_INCLUDE_IN_FRAMEWORK_HEADER = YES;
				CLANG_WARN_RANGE_LOOP_ANALYSIS = YES;
				CLANG_WARN_STRICT_PROTOTYPES = YES;
				CLANG_WARN_SUSPICIOUS_MOVE = YES;
				CLANG_WARN_UNGUARDED_AVAILABILITY = YES_AGGRESSIVE;
				CLANG_WARN_UNREACHABLE_CODE = YES;
				CLANG_WARN__DUPLICATE_METHOD_MATCH = YES;
				COPY_PHASE_STRIP = NO;
				DEBUG_INFORMATION_FORMAT = dwarf;
				ENABLE_STRICT_OBJC_MSGSEND = YES;
				ENABLE_TESTABILITY = YES;
				GCC_C_LANGUAGE_STANDARD = gnu11;
				GCC_DYNAMIC_NO_PIC = NO;
				GCC_NO_COMMON_BLOCKS = YES;
				GCC_OPTIMIZATION_LEVEL = 0;
				GCC_PREPROCESSOR_DEFINITIONS = (
					"DEBUG=1",
					"$(inherited)",
				);
				GCC_WARN_64_TO_32_BIT_CONVERSION = YES;
				GCC_WARN_ABOUT_RETURN_TYPE = YES_ERROR;
				GCC_WARN_UNDECLARED_SELECTOR = YES;
				GCC_WARN_UNINITIALIZED_AUTOS = YES_AGGRESSIVE;
				GCC_WARN_UNUSED_FUNCTION = YES;
				GCC_WARN_UNUSED_VARIABLE = YES;
				IPHONEOS_DEPLOYMENT_TARGET = 15.0;
				MTL_ENABLE_DEBUG_INFO = INCLUDE_SOURCE;
				MTL_FAST_MATH = YES;
				ONLY_ACTIVE_ARCH = YES;
				SDKROOT = iphoneos;
				SWIFT_ACTIVE_COMPILATION_CONDITIONS = DEBUG;
				SWIFT_OPTIMIZATION_LEVEL = "-Onone";
			};
			name = Debug;
		};
		FDB9BAED27150B2000DCC040 /* Release */ = {
			isa = XCBuildConfiguration;
			buildSettings = {
				ALWAYS_SEARCH_USER_PATHS = NO;
				CLANG_ANALYZER_NONNULL = YES;
				CLANG_ANALYZER_NUMBER_OBJECT_CONVERSION = YES_AGGRESSIVE;
				CLANG_CXX_LANGUAGE_STANDARD = "gnu++17";
				CLANG_CXX_LIBRARY = "libc++";
				CLANG_ENABLE_MODULES = YES;
				CLANG_ENABLE_OBJC_ARC = YES;
				CLANG_ENABLE_OBJC_WEAK = YES;
				CLANG_WARN_BLOCK_CAPTURE_AUTORELEASING = YES;
				CLANG_WARN_BOOL_CONVERSION = YES;
				CLANG_WARN_COMMA = YES;
				CLANG_WARN_CONSTANT_CONVERSION = YES;
				CLANG_WARN_DEPRECATED_OBJC_IMPLEMENTATIONS = YES;
				CLANG_WARN_DIRECT_OBJC_ISA_USAGE = YES_ERROR;
				CLANG_WARN_DOCUMENTATION_COMMENTS = YES;
				CLANG_WARN_EMPTY_BODY = YES;
				CLANG_WARN_ENUM_CONVERSION = YES;
				CLANG_WARN_INFINITE_RECURSION = YES;
				CLANG_WARN_INT_CONVERSION = YES;
				CLANG_WARN_NON_LITERAL_NULL_CONVERSION = YES;
				CLANG_WARN_OBJC_IMPLICIT_RETAIN_SELF = YES;
				CLANG_WARN_OBJC_LITERAL_CONVERSION = YES;
				CLANG_WARN_OBJC_ROOT_CLASS = YES_ERROR;
				CLANG_WARN_QUOTED_INCLUDE_IN_FRAMEWORK_HEADER = YES;
				CLANG_WARN_RANGE_LOOP_ANALYSIS = YES;
				CLANG_WARN_STRICT_PROTOTYPES = YES;
				CLANG_WARN_SUSPICIOUS_MOVE = YES;
				CLANG_WARN_UNGUARDED_AVAILABILITY = YES_AGGRESSIVE;
				CLANG_WARN_UNREACHABLE_CODE = YES;
				CLANG_WARN__DUPLICATE_METHOD_MATCH = YES;
				COPY_PHASE_STRIP = NO;
				DEBUG_INFORMATION_FORMAT = "dwarf-with-dsym";
				ENABLE_NS_ASSERTIONS = NO;
				ENABLE_STRICT_OBJC_MSGSEND = YES;
				GCC_C_LANGUAGE_STANDARD = gnu11;
				GCC_NO_COMMON_BLOCKS = YES;
				GCC_WARN_64_TO_32_BIT_CONVERSION = YES;
				GCC_WARN_ABOUT_RETURN_TYPE = YES_ERROR;
				GCC_WARN_UNDECLARED_SELECTOR = YES;
				GCC_WARN_UNINITIALIZED_AUTOS = YES_AGGRESSIVE;
				GCC_WARN_UNUSED_FUNCTION = YES;
				GCC_WARN_UNUSED_VARIABLE = YES;
				IPHONEOS_DEPLOYMENT_TARGET = 15.0;
				MTL_ENABLE_DEBUG_INFO = NO;
				MTL_FAST_MATH = YES;
				SDKROOT = iphoneos;
				SWIFT_COMPILATION_MODE = wholemodule;
				SWIFT_OPTIMIZATION_LEVEL = "-O";
				VALIDATE_PRODUCT = YES;
			};
			name = Release;
		};
		FDB9BAEF27150B2000DCC040 /* Debug */ = {
			isa = XCBuildConfiguration;
			buildSettings = {
				ASSETCATALOG_COMPILER_APPICON_NAME = AppIcon;
				ASSETCATALOG_COMPILER_GLOBAL_ACCENT_COLOR_NAME = AccentColor;
				CODE_SIGN_STYLE = Automatic;
				CURRENT_PROJECT_VERSION = 1;
				DEVELOPMENT_TEAM = AVZ9493N69;
				GENERATE_INFOPLIST_FILE = YES;
				INFOPLIST_FILE = SeSAC_03Week/Info.plist;
				INFOPLIST_KEY_UIApplicationSupportsIndirectInputEvents = YES;
				INFOPLIST_KEY_UILaunchStoryboardName = LaunchScreen;
				INFOPLIST_KEY_UIMainStoryboardFile = Main;
				INFOPLIST_KEY_UISupportedInterfaceOrientations_iPad = "UIInterfaceOrientationPortrait UIInterfaceOrientationPortraitUpsideDown UIInterfaceOrientationLandscapeLeft UIInterfaceOrientationLandscapeRight";
				INFOPLIST_KEY_UISupportedInterfaceOrientations_iPhone = "UIInterfaceOrientationPortrait UIInterfaceOrientationLandscapeLeft UIInterfaceOrientationLandscapeRight";
				LD_RUNPATH_SEARCH_PATHS = (
					"$(inherited)",
					"@executable_path/Frameworks",
				);
				MARKETING_VERSION = 1.0;
				PRODUCT_BUNDLE_IDENTIFIER = "com.sesac.SeSAC-03Week";
				PRODUCT_NAME = "$(TARGET_NAME)";
				SWIFT_EMIT_LOC_STRINGS = YES;
				SWIFT_VERSION = 5.0;
				TARGETED_DEVICE_FAMILY = 1;
			};
			name = Debug;
		};
		FDB9BAF027150B2000DCC040 /* Release */ = {
			isa = XCBuildConfiguration;
			buildSettings = {
				ASSETCATALOG_COMPILER_APPICON_NAME = AppIcon;
				ASSETCATALOG_COMPILER_GLOBAL_ACCENT_COLOR_NAME = AccentColor;
				CODE_SIGN_STYLE = Automatic;
				CURRENT_PROJECT_VERSION = 1;
				DEVELOPMENT_TEAM = AVZ9493N69;
				GENERATE_INFOPLIST_FILE = YES;
				INFOPLIST_FILE = SeSAC_03Week/Info.plist;
				INFOPLIST_KEY_UIApplicationSupportsIndirectInputEvents = YES;
				INFOPLIST_KEY_UILaunchStoryboardName = LaunchScreen;
				INFOPLIST_KEY_UIMainStoryboardFile = Main;
				INFOPLIST_KEY_UISupportedInterfaceOrientations_iPad = "UIInterfaceOrientationPortrait UIInterfaceOrientationPortraitUpsideDown UIInterfaceOrientationLandscapeLeft UIInterfaceOrientationLandscapeRight";
				INFOPLIST_KEY_UISupportedInterfaceOrientations_iPhone = "UIInterfaceOrientationPortrait UIInterfaceOrientationLandscapeLeft UIInterfaceOrientationLandscapeRight";
				LD_RUNPATH_SEARCH_PATHS = (
					"$(inherited)",
					"@executable_path/Frameworks",
				);
				MARKETING_VERSION = 1.0;
				PRODUCT_BUNDLE_IDENTIFIER = "com.sesac.SeSAC-03Week";
				PRODUCT_NAME = "$(TARGET_NAME)";
				SWIFT_EMIT_LOC_STRINGS = YES;
				SWIFT_VERSION = 5.0;
				TARGETED_DEVICE_FAMILY = 1;
			};
			name = Release;
		};
/* End XCBuildConfiguration section */

/* Begin XCConfigurationList section */
		FDB9BAD527150B1A00DCC040 /* Build configuration list for PBXProject "SeSAC_03Week" */ = {
			isa = XCConfigurationList;
			buildConfigurations = (
				FDB9BAEC27150B2000DCC040 /* Debug */,
				FDB9BAED27150B2000DCC040 /* Release */,
			);
			defaultConfigurationIsVisible = 0;
			defaultConfigurationName = Release;
		};
		FDB9BAEE27150B2000DCC040 /* Build configuration list for PBXNativeTarget "SeSAC_03Week" */ = {
			isa = XCConfigurationList;
			buildConfigurations = (
				FDB9BAEF27150B2000DCC040 /* Debug */,
				FDB9BAF027150B2000DCC040 /* Release */,
			);
			defaultConfigurationIsVisible = 0;
			defaultConfigurationName = Release;
		};
/* End XCConfigurationList section */
	};
	rootObject = FDB9BAD227150B1A00DCC040 /* Project object */;
}
