PODS:
  - SnapKit (5.0.1)
  - SwiftLint (0.45.1)

DEPENDENCIES:
  - SnapKit
  - SwiftLint

SPEC REPOS:
  trunk:
    - SnapKit
    - SwiftLint

SPEC CHECKSUMS:
  SnapKit: 97b92857e3df3a0c71833cce143274bf6ef8e5eb
  SwiftLint: 06ac37e4d38c7068e0935bb30cda95f093bec761

PODFILE CHECKSUM: a0ba2efc6b096f47f38be630a9325669a7f72794

COCOAPODS: 1.11.2
