// !$*UTF8*$!
{
	archiveVersion = 1;
	classes = {
	};
	objectVersion = 55;
	objects = {

/* Begin PBXBuildFile section */
		AE07597B2082F0C6C9725CC6 /* Pods_RecommendTheBeer.framework in Frameworks */ = {isa = PBXBuildFile; fileRef = 96373BDAD39BEA6737FAB957 /* Pods_RecommendTheBeer.framework */; };
		B547109C2774885F00DA514D /* .swiftlint.yml in Resources */ = {isa = PBXBuildFile; fileRef = B547109B2774885F00DA514D /* .swiftlint.yml */; };
		B5F442F827747EF0009C5284 /* AppDelegate.swift in Sources */ = {isa = PBXBuildFile; fileRef = B5F442F727747EF0009C5284 /* AppDelegate.swift */; };
		B5F442FA27747EF0009C5284 /* SceneDelegate.swift in Sources */ = {isa = PBXBuildFile; fileRef = B5F442F927747EF0009C5284 /* SceneDelegate.swift */; };
		B5F442FC27747EF0009C5284 /* ViewController.swift in Sources */ = {isa = PBXBuildFile; fileRef = B5F442FB27747EF0009C5284 /* ViewController.swift */; };
		B5F4430127747EF0009C5284 /* Assets.xcassets in Resources */ = {isa = PBXBuildFile; fileRef = B5F4430027747EF0009C5284 /* Assets.xcassets */; };
		B5F4430427747EF0009C5284 /* LaunchScreen.storyboard in Resources */ = {isa = PBXBuildFile; fileRef = B5F4430227747EF0009C5284 /* LaunchScreen.storyboard */; };
/* End PBXBuildFile section */

/* Begin PBXFileReference section */
		09F6AB67C38321AE7565E26E /* Pods-RecommendTheBeer.release.xcconfig */ = {isa = PBXFileReference; includeInIndex = 1; lastKnownFileType = text.xcconfig; name = "Pods-RecommendTheBeer.release.xcconfig"; path = "Target Support Files/Pods-RecommendTheBeer/Pods-RecommendTheBeer.release.xcconfig"; sourceTree = "<group>"; };
		1EA58B24903FCF91B448B861 /* Pods-RecommendTheBeer.debug.xcconfig */ = {isa = PBXFileReference; includeInIndex = 1; lastKnownFileType = text.xcconfig; name = "Pods-RecommendTheBeer.debug.xcconfig"; path = "Target Support Files/Pods-RecommendTheBeer/Pods-RecommendTheBeer.debug.xcconfig"; sourceTree = "<group>"; };
		96373BDAD39BEA6737FAB957 /* Pods_RecommendTheBeer.framework */ = {isa = PBXFileReference; explicitFileType = wrapper.framework; includeInIndex = 0; path = Pods_RecommendTheBeer.framework; sourceTree = BUILT_PRODUCTS_DIR; };
		B547109B2774885F00DA514D /* .swiftlint.yml */ = {isa = PBXFileReference; lastKnownFileType = text.yaml; path = .swiftlint.yml; sourceTree = "<group>"; };
		B5F442F427747EF0009C5284 /* RecommendTheBeer.app */ = {isa = PBXFileReference; explicitFileType = wrapper.application; includeInIndex = 0; path = RecommendTheBeer.app; sourceTree = BUILT_PRODUCTS_DIR; };
		B5F442F727747EF0009C5284 /* AppDelegate.swift */ = {isa = PBXFileReference; lastKnownFileType = sourcecode.swift; path = AppDelegate.swift; sourceTree = "<group>"; };
		B5F442F927747EF0009C5284 /* SceneDelegate.swift */ = {isa = PBXFileReference; lastKnownFileType = sourcecode.swift; path = SceneDelegate.swift; sourceTree = "<group>"; };
		B5F442FB27747EF0009C5284 /* ViewController.swift */ = {isa = PBXFileReference; lastKnownFileType = sourcecode.swift; path = ViewController.swift; sourceTree = "<group>"; };
		B5F4430027747EF0009C5284 /* Assets.xcassets */ = {isa = PBXFileReference; lastKnownFileType = folder.assetcatalog; path = Assets.xcassets; sourceTree = "<group>"; };
		B5F4430327747EF0009C5284 /* Base */ = {isa = PBXFileReference; lastKnownFileType = file.storyboard; name = Base; path = Base.lproj/LaunchScreen.storyboard; sourceTree = "<group>"; };
		B5F4430527747EF0009C5284 /* Info.plist */ = {isa = PBXFileReference; lastKnownFileType = text.plist.xml; path = Info.plist; sourceTree = "<group>"; };
/* End PBXFileReference section */

/* Begin PBXFrameworksBuildPhase section */
		B5F442F127747EF0009C5284 /* Frameworks */ = {
			isa = PBXFrameworksBuildPhase;
			buildActionMask = 2147483647;
			files = (
				AE07597B2082F0C6C9725CC6 /* Pods_RecommendTheBeer.framework in Frameworks */,
			);
			runOnlyForDeploymentPostprocessing = 0;
		};
/* End PBXFrameworksBuildPhase section */

/* Begin PBXGroup section */
		16B5E34801972976D307BD21 /* Pods */ = {
			isa = PBXGroup;
			children = (
				1EA58B24903FCF91B448B861 /* Pods-RecommendTheBeer.debug.xcconfig */,
				09F6AB67C38321AE7565E26E /* Pods-RecommendTheBeer.release.xcconfig */,
			);
			path = Pods;
			sourceTree = "<group>";
		};
		659EF6388A48E2A01B647F2D /* Frameworks */ = {
			isa = PBXGroup;
			children = (
				96373BDAD39BEA6737FAB957 /* Pods_RecommendTheBeer.framework */,
			);
			name = Frameworks;
			sourceTree = "<group>";
		};
		B547109D2774888900DA514D /* Project */ = {
			isa = PBXGroup;
			children = (
				B5F442F727747EF0009C5284 /* AppDelegate.swift */,
				B5F442F927747EF0009C5284 /* SceneDelegate.swift */,
				B5F4430027747EF0009C5284 /* Assets.xcassets */,
				B5F4430227747EF0009C5284 /* LaunchScreen.storyboard */,
				B5F4430527747EF0009C5284 /* Info.plist */,
			);
			path = Project;
			sourceTree = "<group>";
		};
		B5F442EB27747EF0009C5284 = {
			isa = PBXGroup;
			children = (
				B547109B2774885F00DA514D /* .swiftlint.yml */,
				B5F442F627747EF0009C5284 /* RecommendTheBeer */,
				B5F442F527747EF0009C5284 /* Products */,
				16B5E34801972976D307BD21 /* Pods */,
				659EF6388A48E2A01B647F2D /* Frameworks */,
			);
			sourceTree = "<group>";
		};
		B5F442F527747EF0009C5284 /* Products */ = {
			isa = PBXGroup;
			children = (
				B5F442F427747EF0009C5284 /* RecommendTheBeer.app */,
			);
			name = Products;
			sourceTree = "<group>";
		};
		B5F442F627747EF0009C5284 /* RecommendTheBeer */ = {
			isa = PBXGroup;
			children = (
				B547109D2774888900DA514D /* Project */,
				B5F442FB27747EF0009C5284 /* ViewController.swift */,
			);
			path = RecommendTheBeer;
			sourceTree = "<group>";
		};
/* End PBXGroup section */

/* Begin PBXNativeTarget section */
		B5F442F327747EF0009C5284 /* RecommendTheBeer */ = {
			isa = PBXNativeTarget;
			buildConfigurationList = B5F4430827747EF0009C5284 /* Build configuration list for PBXNativeTarget "RecommendTheBeer" */;
			buildPhases = (
				82915C2FD89CC4D8B92E4ED4 /* [CP] Check Pods Manifest.lock */,
				B5F442F027747EF0009C5284 /* Sources */,
				B5F442F127747EF0009C5284 /* Frameworks */,
				B5F442F227747EF0009C5284 /* Resources */,
				9BF97B658519C0C83C1FD2F8 /* [CP] Embed Pods Frameworks */,
				B5E7026F27748132001E6F2D /* ShellScript */,
			);
			buildRules = (
			);
			dependencies = (
			);
			name = RecommendTheBeer;
			productName = RecommendTheBeer;
			productReference = B5F442F427747EF0009C5284 /* RecommendTheBeer.app */;
			productType = "com.apple.product-type.application";
		};
/* End PBXNativeTarget section */

/* Begin PBXProject section */
		B5F442EC27747EF0009C5284 /* Project object */ = {
			isa = PBXProject;
			attributes = {
				BuildIndependentTargetsInParallel = 1;
				LastSwiftUpdateCheck = 1310;
				LastUpgradeCheck = 1310;
				TargetAttributes = {
					B5F442F327747EF0009C5284 = {
						CreatedOnToolsVersion = 13.1;
					};
				};
			};
			buildConfigurationList = B5F442EF27747EF0009C5284 /* Build configuration list for PBXProject "RecommendTheBeer" */;
			compatibilityVersion = "Xcode 13.0";
			developmentRegion = en;
			hasScannedForEncodings = 0;
			knownRegions = (
				en,
				Base,
			);
			mainGroup = B5F442EB27747EF0009C5284;
			productRefGroup = B5F442F527747EF0009C5284 /* Products */;
			projectDirPath = "";
			projectRoot = "";
			targets = (
				B5F442F327747EF0009C5284 /* RecommendTheBeer */,
			);
		};
/* End PBXProject section */

/* Begin PBXResourcesBuildPhase section */
		B5F442F227747EF0009C5284 /* Resources */ = {
			isa = PBXResourcesBuildPhase;
			buildActionMask = 2147483647;
			files = (
				B547109C2774885F00DA514D /* .swiftlint.yml in Resources */,
				B5F4430427747EF0009C5284 /* LaunchScreen.storyboard in Resources */,
				B5F4430127747EF0009C5284 /* Assets.xcassets in Resources */,
			);
			runOnlyForDeploymentPostprocessing = 0;
		};
/* End PBXResourcesBuildPhase section */

/* Begin PBXShellScriptBuildPhase section */
		82915C2FD89CC4D8B92E4ED4 /* [CP] Check Pods Manifest.lock */ = {
			isa = PBXShellScriptBuildPhase;
			buildActionMask = 2147483647;
			files = (
			);
			inputFileListPaths = (
			);
			inputPaths = (
				"${PODS_PODFILE_DIR_PATH}/Podfile.lock",
				"${PODS_ROOT}/Manifest.lock",
			);
			name = "[CP] Check Pods Manifest.lock";
			outputFileListPaths = (
			);
			outputPaths = (
				"$(DERIVED_FILE_DIR)/Pods-RecommendTheBeer-checkManifestLockResult.txt",
			);
			runOnlyForDeploymentPostprocessing = 0;
			shellPath = /bin/sh;
			shellScript = "diff \"${PODS_PODFILE_DIR_PATH}/Podfile.lock\" \"${PODS_ROOT}/Manifest.lock\" > /dev/null\nif [ $? != 0 ] ; then\n    # print error to STDERR\n    echo \"error: The sandbox is not in sync with the Podfile.lock. Run 'pod install' or update your CocoaPods installation.\" >&2\n    exit 1\nfi\n# This output is used by Xcode 'outputs' to avoid re-running this script phase.\necho \"SUCCESS\" > \"${SCRIPT_OUTPUT_FILE_0}\"\n";
			showEnvVarsInLog = 0;
		};
		9BF97B658519C0C83C1FD2F8 /* [CP] Embed Pods Frameworks */ = {
			isa = PBXShellScriptBuildPhase;
			buildActionMask = 2147483647;
			files = (
			);
			inputFileListPaths = (
				"${PODS_ROOT}/Target Support Files/Pods-RecommendTheBeer/Pods-RecommendTheBeer-frameworks-${CONFIGURATION}-input-files.xcfilelist",
			);
			name = "[CP] Embed Pods Frameworks";
			outputFileListPaths = (
				"${PODS_ROOT}/Target Support Files/Pods-RecommendTheBeer/Pods-RecommendTheBeer-frameworks-${CONFIGURATION}-output-files.xcfilelist",
			);
			runOnlyForDeploymentPostprocessing = 0;
			shellPath = /bin/sh;
			shellScript = "\"${PODS_ROOT}/Target Support Files/Pods-RecommendTheBeer/Pods-RecommendTheBeer-frameworks.sh\"\n";
			showEnvVarsInLog = 0;
		};
		B5E7026F27748132001E6F2D /* ShellScript */ = {
			isa = PBXShellScriptBuildPhase;
			buildActionMask = 2147483647;
			files = (
			);
			inputFileListPaths = (
			);
			inputPaths = (
			);
			outputFileListPaths = (
			);
			outputPaths = (
			);
			runOnlyForDeploymentPostprocessing = 0;
			shellPath = /bin/sh;
			shellScript = "${PODS_ROOT}/SwiftLint/swiftlint\n";
		};
/* End PBXShellScriptBuildPhase section */

/* Begin PBXSourcesBuildPhase section */
		B5F442F027747EF0009C5284 /* Sources */ = {
			isa = PBXSourcesBuildPhase;
			buildActionMask = 2147483647;
			files = (
				B5F442FC27747EF0009C5284 /* ViewController.swift in Sources */,
				B5F442F827747EF0009C5284 /* AppDelegate.swift in Sources */,
				B5F442FA27747EF0009C5284 /* SceneDelegate.swift in Sources */,
			);
			runOnlyForDeploymentPostprocessing = 0;
		};
/* End PBXSourcesBuildPhase section */

/* Begin PBXVariantGroup section */
		B5F4430227747EF0009C5284 /* LaunchScreen.storyboard */ = {
			isa = PBXVariantGroup;
			children = (
				B5F4430327747EF0009C5284 /* Base */,
			);
			name = LaunchScreen.storyboard;
			sourceTree = "<group>";
		};
/* End PBXVariantGroup section */

/* Begin XCBuildConfiguration section */
		B5F4430627747EF0009C5284 /* Debug */ = {
			isa = XCBuildConfiguration;
			buildSettings = {
				ALWAYS_SEARCH_USER_PATHS = NO;
				CLANG_ANALYZER_NONNULL = YES;
				CLANG_ANALYZER_NUMBER_OBJECT_CONVERSION = YES_AGGRESSIVE;
				CLANG_CXX_LANGUAGE_STANDARD = "gnu++17";
				CLANG_CXX_LIBRARY = "libc++";
				CLANG_ENABLE_MODULES = YES;
				CLANG_ENABLE_OBJC_ARC = YES;
				CLANG_ENABLE_OBJC_WEAK = YES;
				CLANG_WARN_BLOCK_CAPTURE_AUTORELEASING = YES;
				CLANG_WARN_BOOL_CONVERSION = YES;
				CLANG_WARN_COMMA = YES;
				CLANG_WARN_CONSTANT_CONVERSION = YES;
				CLANG_WARN_DEPRECATED_OBJC_IMPLEMENTATIONS = YES;
				CLANG_WARN_DIRECT_OBJC_ISA_USAGE = YES_ERROR;
				CLANG_WARN_DOCUMENTATION_COMMENTS = YES;
				CLANG_WARN_EMPTY_BODY = YES;
				CLANG_WARN_ENUM_CONVERSION = YES;
				CLANG_WARN_INFINITE_RECURSION = YES;
				CLANG_WARN_INT_CONVERSION = YES;
				CLANG_WARN_NON_LITERAL_NULL_CONVERSION = YES;
				CLANG_WARN_OBJC_IMPLICIT_RETAIN_SELF = YES;
				CLANG_WARN_OBJC_LITERAL_CONVERSION = YES;
				CLANG_WARN_OBJC_ROOT_CLASS = YES_ERROR;
				CLANG_WARN_QUOTED_INCLUDE_IN_FRAMEWORK_HEADER = YES;
				CLANG_WARN_RANGE_LOOP_ANALYSIS = YES;
				CLANG_WARN_STRICT_PROTOTYPES = YES;
				CLANG_WARN_SUSPICIOUS_MOVE = YES;
				CLANG_WARN_UNGUARDED_AVAILABILITY = YES_AGGRESSIVE;
				CLANG_WARN_UNREACHABLE_CODE = YES;
				CLANG_WARN__DUPLICATE_METHOD_MATCH = YES;
				COPY_PHASE_STRIP = NO;
				DEBUG_INFORMATION_FORMAT = dwarf;
				ENABLE_STRICT_OBJC_MSGSEND = YES;
				ENABLE_TESTABILITY = YES;
				GCC_C_LANGUAGE_STANDARD = gnu11;
				GCC_DYNAMIC_NO_PIC = NO;
				GCC_NO_COMMON_BLOCKS = YES;
				GCC_OPTIMIZATION_LEVEL = 0;
				GCC_PREPROCESSOR_DEFINITIONS = (
					"DEBUG=1",
					"$(inherited)",
				);
				GCC_WARN_64_TO_32_BIT_CONVERSION = YES;
				GCC_WARN_ABOUT_RETURN_TYPE = YES_ERROR;
				GCC_WARN_UNDECLARED_SELECTOR = YES;
				GCC_WARN_UNINITIALIZED_AUTOS = YES_AGGRESSIVE;
				GCC_WARN_UNUSED_FUNCTION = YES;
				GCC_WARN_UNUSED_VARIABLE = YES;
				IPHONEOS_DEPLOYMENT_TARGET = 15.0;
				MTL_ENABLE_DEBUG_INFO = INCLUDE_SOURCE;
				MTL_FAST_MATH = YES;
				ONLY_ACTIVE_ARCH = YES;
				SDKROOT = iphoneos;
				SWIFT_ACTIVE_COMPILATION_CONDITIONS = DEBUG;
				SWIFT_OPTIMIZATION_LEVEL = "-Onone";
			};
			name = Debug;
		};
		B5F4430727747EF0009C5284 /* Release */ = {
			isa = XCBuildConfiguration;
			buildSettings = {
				ALWAYS_SEARCH_USER_PATHS = NO;
				CLANG_ANALYZER_NONNULL = YES;
				CLANG_ANALYZER_NUMBER_OBJECT_CONVERSION = YES_AGGRESSIVE;
				CLANG_CXX_LANGUAGE_STANDARD = "gnu++17";
				CLANG_CXX_LIBRARY = "libc++";
				CLANG_ENABLE_MODULES = YES;
				CLANG_ENABLE_OBJC_ARC = YES;
				CLANG_ENABLE_OBJC_WEAK = YES;
				CLANG_WARN_BLOCK_CAPTURE_AUTORELEASING = YES;
				CLANG_WARN_BOOL_CONVERSION = YES;
				CLANG_WARN_COMMA = YES;
				CLANG_WARN_CONSTANT_CONVERSION = YES;
				CLANG_WARN_DEPRECATED_OBJC_IMPLEMENTATIONS = YES;
				CLANG_WARN_DIRECT_OBJC_ISA_USAGE = YES_ERROR;
				CLANG_WARN_DOCUMENTATION_COMMENTS = YES;
				CLANG_WARN_EMPTY_BODY = YES;
				CLANG_WARN_ENUM_CONVERSION = YES;
				CLANG_WARN_INFINITE_RECURSION = YES;
				CLANG_WARN_INT_CONVERSION = YES;
				CLANG_WARN_NON_LITERAL_NULL_CONVERSION = YES;
				CLANG_WARN_OBJC_IMPLICIT_RETAIN_SELF = YES;
				CLANG_WARN_OBJC_LITERAL_CONVERSION = YES;
				CLANG_WARN_OBJC_ROOT_CLASS = YES_ERROR;
				CLANG_WARN_QUOTED_INCLUDE_IN_FRAMEWORK_HEADER = YES;
				CLANG_WARN_RANGE_LOOP_ANALYSIS = YES;
				CLANG_WARN_STRICT_PROTOTYPES = YES;
				CLANG_WARN_SUSPICIOUS_MOVE = YES;
				CLANG_WARN_UNGUARDED_AVAILABILITY = YES_AGGRESSIVE;
				CLANG_WARN_UNREACHABLE_CODE = YES;
				CLANG_WARN__DUPLICATE_METHOD_MATCH = YES;
				COPY_PHASE_STRIP = NO;
				DEBUG_INFORMATION_FORMAT = "dwarf-with-dsym";
				ENABLE_NS_ASSERTIONS = NO;
				ENABLE_STRICT_OBJC_MSGSEND = YES;
				GCC_C_LANGUAGE_STANDARD = gnu11;
				GCC_NO_COMMON_BLOCKS = YES;
				GCC_WARN_64_TO_32_BIT_CONVERSION = YES;
				GCC_WARN_ABOUT_RETURN_TYPE = YES_ERROR;
				GCC_WARN_UNDECLARED_SELECTOR = YES;
				GCC_WARN_UNINITIALIZED_AUTOS = YES_AGGRESSIVE;
				GCC_WARN_UNUSED_FUNCTION = YES;
				GCC_WARN_UNUSED_VARIABLE = YES;
				IPHONEOS_DEPLOYMENT_TARGET = 15.0;
				MTL_ENABLE_DEBUG_INFO = NO;
				MTL_FAST_MATH = YES;
				SDKROOT = iphoneos;
				SWIFT_COMPILATION_MODE = wholemodule;
				SWIFT_OPTIMIZATION_LEVEL = "-O";
				VALIDATE_PRODUCT = YES;
			};
			name = Release;
		};
		B5F4430927747EF0009C5284 /* Debug */ = {
			isa = XCBuildConfiguration;
			baseConfigurationReference = 1EA58B24903FCF91B448B861 /* Pods-RecommendTheBeer.debug.xcconfig */;
			buildSettings = {
				ASSETCATALOG_COMPILER_APPICON_NAME = AppIcon;
				ASSETCATALOG_COMPILER_GLOBAL_ACCENT_COLOR_NAME = AccentColor;
				CODE_SIGN_STYLE = Automatic;
				CURRENT_PROJECT_VERSION = 1;
				DEVELOPMENT_TEAM = AVZ9493N69;
				GENERATE_INFOPLIST_FILE = YES;
				INFOPLIST_FILE = RecommendTheBeer/Project/Info.plist;
				INFOPLIST_KEY_UIApplicationSupportsIndirectInputEvents = YES;
				INFOPLIST_KEY_UILaunchStoryboardName = LaunchScreen;
				INFOPLIST_KEY_UISupportedInterfaceOrientations_iPad = "UIInterfaceOrientationPortrait UIInterfaceOrientationPortraitUpsideDown UIInterfaceOrientationLandscapeLeft UIInterfaceOrientationLandscapeRight";
				INFOPLIST_KEY_UISupportedInterfaceOrientations_iPhone = "UIInterfaceOrientationPortrait UIInterfaceOrientationLandscapeLeft UIInterfaceOrientationLandscapeRight";
				LD_RUNPATH_SEARCH_PATHS = (
					"$(inherited)",
					"@executable_path/Frameworks",
				);
				MARKETING_VERSION = 1.0;
				PRODUCT_BUNDLE_IDENTIFIER = com.miniOS.RecommendTheBeer;
				PRODUCT_NAME = "$(TARGET_NAME)";
				SWIFT_EMIT_LOC_STRINGS = YES;
				SWIFT_VERSION = 5.0;
				TARGETED_DEVICE_FAMILY = 1;
			};
			name = Debug;
		};
		B5F4430A27747EF0009C5284 /* Release */ = {
			isa = XCBuildConfiguration;
			baseConfigurationReference = 09F6AB67C38321AE7565E26E /* Pods-RecommendTheBeer.release.xcconfig */;
			buildSettings = {
				ASSETCATALOG_COMPILER_APPICON_NAME = AppIcon;
				ASSETCATALOG_COMPILER_GLOBAL_ACCENT_COLOR_NAME = AccentColor;
				CODE_SIGN_STYLE = Automatic;
				CURRENT_PROJECT_VERSION = 1;
				DEVELOPMENT_TEAM = AVZ9493N69;
				GENERATE_INFOPLIST_FILE = YES;
				INFOPLIST_FILE = RecommendTheBeer/Project/Info.plist;
				INFOPLIST_KEY_UIApplicationSupportsIndirectInputEvents = YES;
				INFOPLIST_KEY_UILaunchStoryboardName = LaunchScreen;
				INFOPLIST_KEY_UISupportedInterfaceOrientations_iPad = "UIInterfaceOrientationPortrait UIInterfaceOrientationPortraitUpsideDown UIInterfaceOrientationLandscapeLeft UIInterfaceOrientationLandscapeRight";
				INFOPLIST_KEY_UISupportedInterfaceOrientations_iPhone = "UIInterfaceOrientationPortrait UIInterfaceOrientationLandscapeLeft UIInterfaceOrientationLandscapeRight";
				LD_RUNPATH_SEARCH_PATHS = (
					"$(inherited)",
					"@executable_path/Frameworks",
				);
				MARKETING_VERSION = 1.0;
				PRODUCT_BUNDLE_IDENTIFIER = com.miniOS.RecommendTheBeer;
				PRODUCT_NAME = "$(TARGET_NAME)";
				SWIFT_EMIT_LOC_STRINGS = YES;
				SWIFT_VERSION = 5.0;
				TARGETED_DEVICE_FAMILY = 1;
			};
			name = Release;
		};
/* End XCBuildConfiguration section */

/* Begin XCConfigurationList section */
		B5F442EF27747EF0009C5284 /* Build configuration list for PBXProject "RecommendTheBeer" */ = {
			isa = XCConfigurationList;
			buildConfigurations = (
				B5F4430627747EF0009C5284 /* Debug */,
				B5F4430727747EF0009C5284 /* Release */,
			);
			defaultConfigurationIsVisible = 0;
			defaultConfigurationName = Release;
		};
		B5F4430827747EF0009C5284 /* Build configuration list for PBXNativeTarget "RecommendTheBeer" */ = {
			isa = XCConfigurationList;
			buildConfigurations = (
				B5F4430927747EF0009C5284 /* Debug */,
				B5F4430A27747EF0009C5284 /* Release */,
			);
			defaultConfigurationIsVisible = 0;
			defaultConfigurationName = Release;
		};
/* End XCConfigurationList section */
	};
	rootObject = B5F442EC27747EF0009C5284 /* Project object */;
}
