// !$*UTF8*$!
{
	archiveVersion = 1;
	classes = {
	};
	objectVersion = 55;
	objects = {

/* Begin PBXBuildFile section */
		B5431BBA2773FDBF008FDCC5 /* SeSACFramework.framework in Frameworks */ = {isa = PBXBuildFile; fileRef = B5431BB62773FCF6008FDCC5 /* SeSACFramework.framework */; };
		B5431BBB2773FDBF008FDCC5 /* SeSACFramework.framework in Embed Frameworks */ = {isa = PBXBuildFile; fileRef = B5431BB62773FCF6008FDCC5 /* SeSACFramework.framework */; settings = {ATTRIBUTES = (CodeSignOnCopy, RemoveHeadersOnCopy, ); }; };
		B5431BBE2773FDF9008FDCC5 /* FrameworkViewController.swift in Sources */ = {isa = PBXBuildFile; fileRef = B5431BBD2773FDF9008FDCC5 /* FrameworkViewController.swift */; };
		B55D2B76277155BA00120535 /* AppDelegate.swift in Sources */ = {isa = PBXBuildFile; fileRef = B55D2B75277155BA00120535 /* AppDelegate.swift */; };
		B55D2B78277155BA00120535 /* SceneDelegate.swift in Sources */ = {isa = PBXBuildFile; fileRef = B55D2B77277155BA00120535 /* SceneDelegate.swift */; };
		B55D2B7A277155BA00120535 /* ViewController.swift in Sources */ = {isa = PBXBuildFile; fileRef = B55D2B79277155BA00120535 /* ViewController.swift */; };
		B55D2B7F277155BC00120535 /* Assets.xcassets in Resources */ = {isa = PBXBuildFile; fileRef = B55D2B7E277155BC00120535 /* Assets.xcassets */; };
		B55D2B82277155BC00120535 /* LaunchScreen.storyboard in Resources */ = {isa = PBXBuildFile; fileRef = B55D2B80277155BC00120535 /* LaunchScreen.storyboard */; };
		B55D2B8B277155D400120535 /* SnapKit in Frameworks */ = {isa = PBXBuildFile; productRef = B55D2B8A277155D400120535 /* SnapKit */; };
		B55D2B8D27715BD700120535 /* APIService.swift in Sources */ = {isa = PBXBuildFile; fileRef = B55D2B8C27715BD700120535 /* APIService.swift */; };
		B5A5F6742773817400DC9DFD /* SignView.swift in Sources */ = {isa = PBXBuildFile; fileRef = B5A5F6712773817400DC9DFD /* SignView.swift */; };
		B5A5F6752773817400DC9DFD /* SignViewController.swift in Sources */ = {isa = PBXBuildFile; fileRef = B5A5F6722773817400DC9DFD /* SignViewController.swift */; };
		B5A5F6762773817400DC9DFD /* SignViewModel.swift in Sources */ = {isa = PBXBuildFile; fileRef = B5A5F6732773817400DC9DFD /* SignViewModel.swift */; };
		B5A5F6782773818300DC9DFD /* NASAViewController.swift in Sources */ = {isa = PBXBuildFile; fileRef = B5A5F6772773818300DC9DFD /* NASAViewController.swift */; };
		B5A5F67E2773828A00DC9DFD /* BaseViewController.swift in Sources */ = {isa = PBXBuildFile; fileRef = B5A5F67D2773828A00DC9DFD /* BaseViewController.swift */; };
		B5E63952277167560090904A /* Cast.swift in Sources */ = {isa = PBXBuildFile; fileRef = B5E63951277167560090904A /* Cast.swift */; };
		B5E63954277174710090904A /* UITableViewCell+Extension.swift in Sources */ = {isa = PBXBuildFile; fileRef = B5E63953277174710090904A /* UITableViewCell+Extension.swift */; };
		B5E639562771763C0090904A /* DummyViewController.swift in Sources */ = {isa = PBXBuildFile; fileRef = B5E639552771763C0090904A /* DummyViewController.swift */; };
		B5E63958277177250090904A /* DummyData.swift in Sources */ = {isa = PBXBuildFile; fileRef = B5E63957277177250090904A /* DummyData.swift */; };
		B5E6395C277178BA0090904A /* TableViewCellRepresentable.swift in Sources */ = {isa = PBXBuildFile; fileRef = B5E6395B277178BA0090904A /* TableViewCellRepresentable.swift */; };
/* End PBXBuildFile section */

/* Begin PBXContainerItemProxy section */
		B5431BB52773FCF6008FDCC5 /* PBXContainerItemProxy */ = {
			isa = PBXContainerItemProxy;
			containerPortal = B5431BB02773FCF6008FDCC5 /* SeSACFramework.xcodeproj */;
			proxyType = 2;
			remoteGlobalIDString = B53479352773FB59009CBB0B;
			remoteInfo = SeSACFramework;
		};
		B5431BB72773FCF6008FDCC5 /* PBXContainerItemProxy */ = {
			isa = PBXContainerItemProxy;
			containerPortal = B5431BB02773FCF6008FDCC5 /* SeSACFramework.xcodeproj */;
			proxyType = 2;
			remoteGlobalIDString = B534793F2773FB59009CBB0B;
			remoteInfo = SeSACFrameworkTests;
		};
/* End PBXContainerItemProxy section */

/* Begin PBXCopyFilesBuildPhase section */
		B5431BBC2773FDBF008FDCC5 /* Embed Frameworks */ = {
			isa = PBXCopyFilesBuildPhase;
			buildActionMask = 2147483647;
			dstPath = "";
			dstSubfolderSpec = 10;
			files = (
				B5431BBB2773FDBF008FDCC5 /* SeSACFramework.framework in Embed Frameworks */,
			);
			name = "Embed Frameworks";
			runOnlyForDeploymentPostprocessing = 0;
		};
/* End PBXCopyFilesBuildPhase section */

/* Begin PBXFileReference section */
		B5431BB02773FCF6008FDCC5 /* SeSACFramework.xcodeproj */ = {isa = PBXFileReference; lastKnownFileType = "wrapper.pb-project"; name = SeSACFramework.xcodeproj; path = ../../SeSACFramework/SeSACFramework.xcodeproj; sourceTree = "<group>"; };
		B5431BBD2773FDF9008FDCC5 /* FrameworkViewController.swift */ = {isa = PBXFileReference; lastKnownFileType = sourcecode.swift; path = FrameworkViewController.swift; sourceTree = "<group>"; };
		B55D2B72277155BA00120535 /* SeSAC_WEEK13.app */ = {isa = PBXFileReference; explicitFileType = wrapper.application; includeInIndex = 0; path = SeSAC_WEEK13.app; sourceTree = BUILT_PRODUCTS_DIR; };
		B55D2B75277155BA00120535 /* AppDelegate.swift */ = {isa = PBXFileReference; lastKnownFileType = sourcecode.swift; path = AppDelegate.swift; sourceTree = "<group>"; };
		B55D2B77277155BA00120535 /* SceneDelegate.swift */ = {isa = PBXFileReference; lastKnownFileType = sourcecode.swift; path = SceneDelegate.swift; sourceTree = "<group>"; };
		B55D2B79277155BA00120535 /* ViewController.swift */ = {isa = PBXFileReference; lastKnownFileType = sourcecode.swift; path = ViewController.swift; sourceTree = "<group>"; };
		B55D2B7E277155BC00120535 /* Assets.xcassets */ = {isa = PBXFileReference; lastKnownFileType = folder.assetcatalog; path = Assets.xcassets; sourceTree = "<group>"; };
		B55D2B81277155BC00120535 /* Base */ = {isa = PBXFileReference; lastKnownFileType = file.storyboard; name = Base; path = Base.lproj/LaunchScreen.storyboard; sourceTree = "<group>"; };
		B55D2B83277155BC00120535 /* Info.plist */ = {isa = PBXFileReference; lastKnownFileType = text.plist.xml; path = Info.plist; sourceTree = "<group>"; };
		B55D2B8C27715BD700120535 /* APIService.swift */ = {isa = PBXFileReference; lastKnownFileType = sourcecode.swift; path = APIService.swift; sourceTree = "<group>"; };
		B5A5F6712773817400DC9DFD /* SignView.swift */ = {isa = PBXFileReference; fileEncoding = 4; lastKnownFileType = sourcecode.swift; path = SignView.swift; sourceTree = "<group>"; };
		B5A5F6722773817400DC9DFD /* SignViewController.swift */ = {isa = PBXFileReference; fileEncoding = 4; lastKnownFileType = sourcecode.swift; path = SignViewController.swift; sourceTree = "<group>"; };
		B5A5F6732773817400DC9DFD /* SignViewModel.swift */ = {isa = PBXFileReference; fileEncoding = 4; lastKnownFileType = sourcecode.swift; path = SignViewModel.swift; sourceTree = "<group>"; };
		B5A5F6772773818300DC9DFD /* NASAViewController.swift */ = {isa = PBXFileReference; fileEncoding = 4; lastKnownFileType = sourcecode.swift; path = NASAViewController.swift; sourceTree = "<group>"; };
		B5A5F67D2773828A00DC9DFD /* BaseViewController.swift */ = {isa = PBXFileReference; fileEncoding = 4; lastKnownFileType = sourcecode.swift; path = BaseViewController.swift; sourceTree = "<group>"; };
		B5E63951277167560090904A /* Cast.swift */ = {isa = PBXFileReference; lastKnownFileType = sourcecode.swift; path = Cast.swift; sourceTree = "<group>"; };
		B5E63953277174710090904A /* UITableViewCell+Extension.swift */ = {isa = PBXFileReference; lastKnownFileType = sourcecode.swift; path = "UITableViewCell+Extension.swift"; sourceTree = "<group>"; };
		B5E639552771763C0090904A /* DummyViewController.swift */ = {isa = PBXFileReference; lastKnownFileType = sourcecode.swift; path = DummyViewController.swift; sourceTree = "<group>"; };
		B5E63957277177250090904A /* DummyData.swift */ = {isa = PBXFileReference; lastKnownFileType = sourcecode.swift; path = DummyData.swift; sourceTree = "<group>"; };
		B5E6395B277178BA0090904A /* TableViewCellRepresentable.swift */ = {isa = PBXFileReference; lastKnownFileType = sourcecode.swift; path = TableViewCellRepresentable.swift; sourceTree = "<group>"; };
/* End PBXFileReference section */

/* Begin PBXFrameworksBuildPhase section */
		B55D2B6F277155BA00120535 /* Frameworks */ = {
			isa = PBXFrameworksBuildPhase;
			buildActionMask = 2147483647;
			files = (
				B55D2B8B277155D400120535 /* SnapKit in Frameworks */,
				B5431BBA2773FDBF008FDCC5 /* SeSACFramework.framework in Frameworks */,
			);
			runOnlyForDeploymentPostprocessing = 0;
		};
/* End PBXFrameworksBuildPhase section */

/* Begin PBXGroup section */
		B5431BB12773FCF6008FDCC5 /* Products */ = {
			isa = PBXGroup;
			children = (
				B5431BB62773FCF6008FDCC5 /* SeSACFramework.framework */,
				B5431BB82773FCF6008FDCC5 /* SeSACFrameworkTests.xctest */,
			);
			name = Products;
			sourceTree = "<group>";
		};
		B5431BB92773FDBF008FDCC5 /* Frameworks */ = {
			isa = PBXGroup;
			children = (
			);
			name = Frameworks;
			sourceTree = "<group>";
		};
		B55D2B69277155BA00120535 = {
			isa = PBXGroup;
			children = (
				B5431BB02773FCF6008FDCC5 /* SeSACFramework.xcodeproj */,
				B55D2B74277155BA00120535 /* SeSAC_WEEK13 */,
				B55D2B73277155BA00120535 /* Products */,
				B5431BB92773FDBF008FDCC5 /* Frameworks */,
			);
			sourceTree = "<group>";
		};
		B55D2B73277155BA00120535 /* Products */ = {
			isa = PBXGroup;
			children = (
				B55D2B72277155BA00120535 /* SeSAC_WEEK13.app */,
			);
			name = Products;
			sourceTree = "<group>";
		};
		B55D2B74277155BA00120535 /* SeSAC_WEEK13 */ = {
			isa = PBXGroup;
			children = (
				B55D2B75277155BA00120535 /* AppDelegate.swift */,
				B55D2B77277155BA00120535 /* SceneDelegate.swift */,
				B55D2B7E277155BC00120535 /* Assets.xcassets */,
				B5A5F67D2773828A00DC9DFD /* BaseViewController.swift */,
				B5431BBD2773FDF9008FDCC5 /* FrameworkViewController.swift */,
				B55D2B83277155BC00120535 /* Info.plist */,
				B55D2B80277155BC00120535 /* LaunchScreen.storyboard */,
				B5E639592771772B0090904A /* MVVM */,
				B5A5F67A277381F100DC9DFD /* NASA */,
				B5A5F6792773818F00DC9DFD /* Sign */,
				B5E6395A2771779A0090904A /* URLSession */,
			);
			path = SeSAC_WEEK13;
			sourceTree = "<group>";
		};
		B5A5F6792773818F00DC9DFD /* Sign */ = {
			isa = PBXGroup;
			children = (
				B5A5F6712773817400DC9DFD /* SignView.swift */,
				B5A5F6722773817400DC9DFD /* SignViewController.swift */,
				B5A5F6732773817400DC9DFD /* SignViewModel.swift */,
			);
			path = Sign;
			sourceTree = "<group>";
		};
		B5A5F67A277381F100DC9DFD /* NASA */ = {
			isa = PBXGroup;
			children = (
				B5A5F6772773818300DC9DFD /* NASAViewController.swift */,
			);
			path = NASA;
			sourceTree = "<group>";
		};
		B5E639592771772B0090904A /* MVVM */ = {
			isa = PBXGroup;
			children = (
				B5E6395B277178BA0090904A /* TableViewCellRepresentable.swift */,
				B5E639552771763C0090904A /* DummyViewController.swift */,
				B5E63957277177250090904A /* DummyData.swift */,
			);
			path = MVVM;
			sourceTree = "<group>";
		};
		B5E6395A2771779A0090904A /* URLSession */ = {
			isa = PBXGroup;
			children = (
				B55D2B79277155BA00120535 /* ViewController.swift */,
				B5E63953277174710090904A /* UITableViewCell+Extension.swift */,
				B55D2B8C27715BD700120535 /* APIService.swift */,
				B5E63951277167560090904A /* Cast.swift */,
			);
			path = URLSession;
			sourceTree = "<group>";
		};
/* End PBXGroup section */

/* Begin PBXNativeTarget section */
		B55D2B71277155BA00120535 /* SeSAC_WEEK13 */ = {
			isa = PBXNativeTarget;
			buildConfigurationList = B55D2B86277155BC00120535 /* Build configuration list for PBXNativeTarget "SeSAC_WEEK13" */;
			buildPhases = (
				B55D2B6E277155BA00120535 /* Sources */,
				B55D2B6F277155BA00120535 /* Frameworks */,
				B55D2B70277155BA00120535 /* Resources */,
				B5431BBC2773FDBF008FDCC5 /* Embed Frameworks */,
			);
			buildRules = (
			);
			dependencies = (
			);
			name = SeSAC_WEEK13;
			packageProductDependencies = (
				B55D2B8A277155D400120535 /* SnapKit */,
			);
			productName = SeSAC_WEEK13;
			productReference = B55D2B72277155BA00120535 /* SeSAC_WEEK13.app */;
			productType = "com.apple.product-type.application";
		};
/* End PBXNativeTarget section */

/* Begin PBXProject section */
		B55D2B6A277155BA00120535 /* Project object */ = {
			isa = PBXProject;
			attributes = {
				BuildIndependentTargetsInParallel = 1;
				LastSwiftUpdateCheck = 1310;
				LastUpgradeCheck = 1310;
				TargetAttributes = {
					B55D2B71277155BA00120535 = {
						CreatedOnToolsVersion = 13.1;
					};
				};
			};
			buildConfigurationList = B55D2B6D277155BA00120535 /* Build configuration list for PBXProject "SeSAC_WEEK13" */;
			compatibilityVersion = "Xcode 13.0";
			developmentRegion = en;
			hasScannedForEncodings = 0;
			knownRegions = (
				en,
				Base,
			);
			mainGroup = B55D2B69277155BA00120535;
			packageReferences = (
				B55D2B89277155D400120535 /* XCRemoteSwiftPackageReference "SnapKit" */,
			);
			productRefGroup = B55D2B73277155BA00120535 /* Products */;
			projectDirPath = "";
			projectReferences = (
				{
					ProductGroup = B5431BB12773FCF6008FDCC5 /* Products */;
					ProjectRef = B5431BB02773FCF6008FDCC5 /* SeSACFramework.xcodeproj */;
				},
			);
			projectRoot = "";
			targets = (
				B55D2B71277155BA00120535 /* SeSAC_WEEK13 */,
			);
		};
/* End PBXProject section */

/* Begin PBXReferenceProxy section */
		B5431BB62773FCF6008FDCC5 /* SeSACFramework.framework */ = {
			isa = PBXReferenceProxy;
			fileType = wrapper.framework;
			path = SeSACFramework.framework;
			remoteRef = B5431BB52773FCF6008FDCC5 /* PBXContainerItemProxy */;
			sourceTree = BUILT_PRODUCTS_DIR;
		};
		B5431BB82773FCF6008FDCC5 /* SeSACFrameworkTests.xctest */ = {
			isa = PBXReferenceProxy;
			fileType = wrapper.cfbundle;
			path = SeSACFrameworkTests.xctest;
			remoteRef = B5431BB72773FCF6008FDCC5 /* PBXContainerItemProxy */;
			sourceTree = BUILT_PRODUCTS_DIR;
		};
/* End PBXReferenceProxy section */

/* Begin PBXResourcesBuildPhase section */
		B55D2B70277155BA00120535 /* Resources */ = {
			isa = PBXResourcesBuildPhase;
			buildActionMask = 2147483647;
			files = (
				B55D2B82277155BC00120535 /* LaunchScreen.storyboard in Resources */,
				B55D2B7F277155BC00120535 /* Assets.xcassets in Resources */,
			);
			runOnlyForDeploymentPostprocessing = 0;
		};
/* End PBXResourcesBuildPhase section */

/* Begin PBXSourcesBuildPhase section */
		B55D2B6E277155BA00120535 /* Sources */ = {
			isa = PBXSourcesBuildPhase;
			buildActionMask = 2147483647;
			files = (
				B5E639562771763C0090904A /* DummyViewController.swift in Sources */,
				B5A5F6782773818300DC9DFD /* NASAViewController.swift in Sources */,
				B5A5F6742773817400DC9DFD /* SignView.swift in Sources */,
				B5E6395C277178BA0090904A /* TableViewCellRepresentable.swift in Sources */,
				B5A5F6762773817400DC9DFD /* SignViewModel.swift in Sources */,
				B5A5F67E2773828A00DC9DFD /* BaseViewController.swift in Sources */,
				B5A5F6752773817400DC9DFD /* SignViewController.swift in Sources */,
				B55D2B7A277155BA00120535 /* ViewController.swift in Sources */,
				B5E63954277174710090904A /* UITableViewCell+Extension.swift in Sources */,
				B55D2B76277155BA00120535 /* AppDelegate.swift in Sources */,
				B5431BBE2773FDF9008FDCC5 /* FrameworkViewController.swift in Sources */,
				B5E63958277177250090904A /* DummyData.swift in Sources */,
				B5E63952277167560090904A /* Cast.swift in Sources */,
				B55D2B8D27715BD700120535 /* APIService.swift in Sources */,
				B55D2B78277155BA00120535 /* SceneDelegate.swift in Sources */,
			);
			runOnlyForDeploymentPostprocessing = 0;
		};
/* End PBXSourcesBuildPhase section */

/* Begin PBXVariantGroup section */
		B55D2B80277155BC00120535 /* LaunchScreen.storyboard */ = {
			isa = PBXVariantGroup;
			children = (
				B55D2B81277155BC00120535 /* Base */,
			);
			name = LaunchScreen.storyboard;
			sourceTree = "<group>";
		};
/* End PBXVariantGroup section */

/* Begin XCBuildConfiguration section */
		B55D2B84277155BC00120535 /* Debug */ = {
			isa = XCBuildConfiguration;
			buildSettings = {
				ALWAYS_SEARCH_USER_PATHS = NO;
				CLANG_ANALYZER_NONNULL = YES;
				CLANG_ANALYZER_NUMBER_OBJECT_CONVERSION = YES_AGGRESSIVE;
				CLANG_CXX_LANGUAGE_STANDARD = "gnu++17";
				CLANG_CXX_LIBRARY = "libc++";
				CLANG_ENABLE_MODULES = YES;
				CLANG_ENABLE_OBJC_ARC = YES;
				CLANG_ENABLE_OBJC_WEAK = YES;
				CLANG_WARN_BLOCK_CAPTURE_AUTORELEASING = YES;
				CLANG_WARN_BOOL_CONVERSION = YES;
				CLANG_WARN_COMMA = YES;
				CLANG_WARN_CONSTANT_CONVERSION = YES;
				CLANG_WARN_DEPRECATED_OBJC_IMPLEMENTATIONS = YES;
				CLANG_WARN_DIRECT_OBJC_ISA_USAGE = YES_ERROR;
				CLANG_WARN_DOCUMENTATION_COMMENTS = YES;
				CLANG_WARN_EMPTY_BODY = YES;
				CLANG_WARN_ENUM_CONVERSION = YES;
				CLANG_WARN_INFINITE_RECURSION = YES;
				CLANG_WARN_INT_CONVERSION = YES;
				CLANG_WARN_NON_LITERAL_NULL_CONVERSION = YES;
				CLANG_WARN_OBJC_IMPLICIT_RETAIN_SELF = YES;
				CLANG_WARN_OBJC_LITERAL_CONVERSION = YES;
				CLANG_WARN_OBJC_ROOT_CLASS = YES_ERROR;
				CLANG_WARN_QUOTED_INCLUDE_IN_FRAMEWORK_HEADER = YES;
				CLANG_WARN_RANGE_LOOP_ANALYSIS = YES;
				CLANG_WARN_STRICT_PROTOTYPES = YES;
				CLANG_WARN_SUSPICIOUS_MOVE = YES;
				CLANG_WARN_UNGUARDED_AVAILABILITY = YES_AGGRESSIVE;
				CLANG_WARN_UNREACHABLE_CODE = YES;
				CLANG_WARN__DUPLICATE_METHOD_MATCH = YES;
				COPY_PHASE_STRIP = NO;
				DEBUG_INFORMATION_FORMAT = dwarf;
				ENABLE_STRICT_OBJC_MSGSEND = YES;
				ENABLE_TESTABILITY = YES;
				GCC_C_LANGUAGE_STANDARD = gnu11;
				GCC_DYNAMIC_NO_PIC = NO;
				GCC_NO_COMMON_BLOCKS = YES;
				GCC_OPTIMIZATION_LEVEL = 0;
				GCC_PREPROCESSOR_DEFINITIONS = (
					"DEBUG=1",
					"$(inherited)",
				);
				GCC_WARN_64_TO_32_BIT_CONVERSION = YES;
				GCC_WARN_ABOUT_RETURN_TYPE = YES_ERROR;
				GCC_WARN_UNDECLARED_SELECTOR = YES;
				GCC_WARN_UNINITIALIZED_AUTOS = YES_AGGRESSIVE;
				GCC_WARN_UNUSED_FUNCTION = YES;
				GCC_WARN_UNUSED_VARIABLE = YES;
				IPHONEOS_DEPLOYMENT_TARGET = 15.0;
				MTL_ENABLE_DEBUG_INFO = INCLUDE_SOURCE;
				MTL_FAST_MATH = YES;
				ONLY_ACTIVE_ARCH = YES;
				SDKROOT = iphoneos;
				SWIFT_ACTIVE_COMPILATION_CONDITIONS = DEBUG;
				SWIFT_OPTIMIZATION_LEVEL = "-Onone";
			};
			name = Debug;
		};
		B55D2B85277155BC00120535 /* Release */ = {
			isa = XCBuildConfiguration;
			buildSettings = {
				ALWAYS_SEARCH_USER_PATHS = NO;
				CLANG_ANALYZER_NONNULL = YES;
				CLANG_ANALYZER_NUMBER_OBJECT_CONVERSION = YES_AGGRESSIVE;
				CLANG_CXX_LANGUAGE_STANDARD = "gnu++17";
				CLANG_CXX_LIBRARY = "libc++";
				CLANG_ENABLE_MODULES = YES;
				CLANG_ENABLE_OBJC_ARC = YES;
				CLANG_ENABLE_OBJC_WEAK = YES;
				CLANG_WARN_BLOCK_CAPTURE_AUTORELEASING = YES;
				CLANG_WARN_BOOL_CONVERSION = YES;
				CLANG_WARN_COMMA = YES;
				CLANG_WARN_CONSTANT_CONVERSION = YES;
				CLANG_WARN_DEPRECATED_OBJC_IMPLEMENTATIONS = YES;
				CLANG_WARN_DIRECT_OBJC_ISA_USAGE = YES_ERROR;
				CLANG_WARN_DOCUMENTATION_COMMENTS = YES;
				CLANG_WARN_EMPTY_BODY = YES;
				CLANG_WARN_ENUM_CONVERSION = YES;
				CLANG_WARN_INFINITE_RECURSION = YES;
				CLANG_WARN_INT_CONVERSION = YES;
				CLANG_WARN_NON_LITERAL_NULL_CONVERSION = YES;
				CLANG_WARN_OBJC_IMPLICIT_RETAIN_SELF = YES;
				CLANG_WARN_OBJC_LITERAL_CONVERSION = YES;
				CLANG_WARN_OBJC_ROOT_CLASS = YES_ERROR;
				CLANG_WARN_QUOTED_INCLUDE_IN_FRAMEWORK_HEADER = YES;
				CLANG_WARN_RANGE_LOOP_ANALYSIS = YES;
				CLANG_WARN_STRICT_PROTOTYPES = YES;
				CLANG_WARN_SUSPICIOUS_MOVE = YES;
				CLANG_WARN_UNGUARDED_AVAILABILITY = YES_AGGRESSIVE;
				CLANG_WARN_UNREACHABLE_CODE = YES;
				CLANG_WARN__DUPLICATE_METHOD_MATCH = YES;
				COPY_PHASE_STRIP = NO;
				DEBUG_INFORMATION_FORMAT = "dwarf-with-dsym";
				ENABLE_NS_ASSERTIONS = NO;
				ENABLE_STRICT_OBJC_MSGSEND = YES;
				GCC_C_LANGUAGE_STANDARD = gnu11;
				GCC_NO_COMMON_BLOCKS = YES;
				GCC_WARN_64_TO_32_BIT_CONVERSION = YES;
				GCC_WARN_ABOUT_RETURN_TYPE = YES_ERROR;
				GCC_WARN_UNDECLARED_SELECTOR = YES;
				GCC_WARN_UNINITIALIZED_AUTOS = YES_AGGRESSIVE;
				GCC_WARN_UNUSED_FUNCTION = YES;
				GCC_WARN_UNUSED_VARIABLE = YES;
				IPHONEOS_DEPLOYMENT_TARGET = 15.0;
				MTL_ENABLE_DEBUG_INFO = NO;
				MTL_FAST_MATH = YES;
				SDKROOT = iphoneos;
				SWIFT_COMPILATION_MODE = wholemodule;
				SWIFT_OPTIMIZATION_LEVEL = "-O";
				VALIDATE_PRODUCT = YES;
			};
			name = Release;
		};
		B55D2B87277155BC00120535 /* Debug */ = {
			isa = XCBuildConfiguration;
			buildSettings = {
				ASSETCATALOG_COMPILER_APPICON_NAME = AppIcon;
				ASSETCATALOG_COMPILER_GLOBAL_ACCENT_COLOR_NAME = AccentColor;
				CODE_SIGN_STYLE = Automatic;
				CURRENT_PROJECT_VERSION = 1;
				DEVELOPMENT_TEAM = AVZ9493N69;
				GENERATE_INFOPLIST_FILE = YES;
				INFOPLIST_FILE = SeSAC_WEEK13/Info.plist;
				INFOPLIST_KEY_UIApplicationSupportsIndirectInputEvents = YES;
				INFOPLIST_KEY_UILaunchStoryboardName = LaunchScreen;
				INFOPLIST_KEY_UISupportedInterfaceOrientations_iPad = "UIInterfaceOrientationPortrait UIInterfaceOrientationPortraitUpsideDown UIInterfaceOrientationLandscapeLeft UIInterfaceOrientationLandscapeRight";
				INFOPLIST_KEY_UISupportedInterfaceOrientations_iPhone = "UIInterfaceOrientationPortrait UIInterfaceOrientationLandscapeLeft UIInterfaceOrientationLandscapeRight";
				LD_RUNPATH_SEARCH_PATHS = (
					"$(inherited)",
					"@executable_path/Frameworks",
				);
				MARKETING_VERSION = 1.0;
				PRODUCT_BUNDLE_IDENTIFIER = "com.miniOS.SeSAC-WEEK13";
				PRODUCT_NAME = "$(TARGET_NAME)";
				SWIFT_EMIT_LOC_STRINGS = YES;
				SWIFT_VERSION = 5.0;
				TARGETED_DEVICE_FAMILY = 1;
			};
			name = Debug;
		};
		B55D2B88277155BC00120535 /* Release */ = {
			isa = XCBuildConfiguration;
			buildSettings = {
				ASSETCATALOG_COMPILER_APPICON_NAME = AppIcon;
				ASSETCATALOG_COMPILER_GLOBAL_ACCENT_COLOR_NAME = AccentColor;
				CODE_SIGN_STYLE = Automatic;
				CURRENT_PROJECT_VERSION = 1;
				DEVELOPMENT_TEAM = AVZ9493N69;
				GENERATE_INFOPLIST_FILE = YES;
				INFOPLIST_FILE = SeSAC_WEEK13/Info.plist;
				INFOPLIST_KEY_UIApplicationSupportsIndirectInputEvents = YES;
				INFOPLIST_KEY_UILaunchStoryboardName = LaunchScreen;
				INFOPLIST_KEY_UISupportedInterfaceOrientations_iPad = "UIInterfaceOrientationPortrait UIInterfaceOrientationPortraitUpsideDown UIInterfaceOrientationLandscapeLeft UIInterfaceOrientationLandscapeRight";
				INFOPLIST_KEY_UISupportedInterfaceOrientations_iPhone = "UIInterfaceOrientationPortrait UIInterfaceOrientationLandscapeLeft UIInterfaceOrientationLandscapeRight";
				LD_RUNPATH_SEARCH_PATHS = (
					"$(inherited)",
					"@executable_path/Frameworks",
				);
				MARKETING_VERSION = 1.0;
				PRODUCT_BUNDLE_IDENTIFIER = "com.miniOS.SeSAC-WEEK13";
				PRODUCT_NAME = "$(TARGET_NAME)";
				SWIFT_EMIT_LOC_STRINGS = YES;
				SWIFT_VERSION = 5.0;
				TARGETED_DEVICE_FAMILY = 1;
			};
			name = Release;
		};
/* End XCBuildConfiguration section */

/* Begin XCConfigurationList section */
		B55D2B6D277155BA00120535 /* Build configuration list for PBXProject "SeSAC_WEEK13" */ = {
			isa = XCConfigurationList;
			buildConfigurations = (
				B55D2B84277155BC00120535 /* Debug */,
				B55D2B85277155BC00120535 /* Release */,
			);
			defaultConfigurationIsVisible = 0;
			defaultConfigurationName = Release;
		};
		B55D2B86277155BC00120535 /* Build configuration list for PBXNativeTarget "SeSAC_WEEK13" */ = {
			isa = XCConfigurationList;
			buildConfigurations = (
				B55D2B87277155BC00120535 /* Debug */,
				B55D2B88277155BC00120535 /* Release */,
			);
			defaultConfigurationIsVisible = 0;
			defaultConfigurationName = Release;
		};
/* End XCConfigurationList section */

/* Begin XCRemoteSwiftPackageReference section */
		B55D2B89277155D400120535 /* XCRemoteSwiftPackageReference "SnapKit" */ = {
			isa = XCRemoteSwiftPackageReference;
			repositoryURL = "https://github.com/SnapKit/SnapKit.git";
			requirement = {
				branch = develop;
				kind = branch;
			};
		};
/* End XCRemoteSwiftPackageReference section */

/* Begin XCSwiftPackageProductDependency section */
		B55D2B8A277155D400120535 /* SnapKit */ = {
			isa = XCSwiftPackageProductDependency;
			package = B55D2B89277155D400120535 /* XCRemoteSwiftPackageReference "SnapKit" */;
			productName = SnapKit;
		};
/* End XCSwiftPackageProductDependency section */
	};
	rootObject = B55D2B6A277155BA00120535 /* Project object */;
}
